
Microsoft Visual Studio Solution File, Format Version 12.00
# Visual Studio 15
VisualStudioVersion = 15.0.28307.757
MinimumVisualStudioVersion = 10.0.40219.1
Project("{FAE04EC0-301F-11D3-BF4B-00C04F79EFBC}") = "JamCamBarebonesCrm", "JamCamBarebonesCrm\JamCamBarebonesCrm.csproj", "{51AD0D50-C548-4496-938A-A713A2D0EFAB}"
EndProject
Project("{FAE04EC0-301F-11D3-BF4B-00C04F79EFBC}") = "JamCamBasicPlugin", "JamCamBasicPlugin\JamCamBasicPlugin.csproj", "{7FE8F034-0B12-4E4D-A11B-318D26EB51F1}"
EndProject
Global
	GlobalSection(SolutionConfigurationPlatforms) = preSolution
		Debug|Any CPU = Debug|Any CPU
		Release|Any CPU = Release|Any CPU
	EndGlobalSection
	GlobalSection(ProjectConfigurationPlatforms) = postSolution
		{51AD0D50-C548-4496-938A-A713A2D0EFAB}.Debug|Any CPU.ActiveCfg = Debug|Any CPU
		{51AD0D50-C548-4496-938A-A713A2D0EFAB}.Debug|Any CPU.Build.0 = Debug|Any CPU
		{51AD0D50-C548-4496-938A-A713A2D0EFAB}.Release|Any CPU.ActiveCfg = Release|Any CPU
		{51AD0D50-C548-4496-938A-A713A2D0EFAB}.Release|Any CPU.Build.0 = Release|Any CPU
		{7FE8F034-0B12-4E4D-A11B-318D26EB51F1}.Debug|Any CPU.ActiveCfg = Debug|Any CPU
		{7FE8F034-0B12-4E4D-A11B-318D26EB51F1}.Debug|Any CPU.Build.0 = Debug|Any CPU
		{7FE8F034-0B12-4E4D-A11B-318D26EB51F1}.Release|Any CPU.ActiveCfg = Release|Any CPU
		{7FE8F034-0B12-4E4D-A11B-318D26EB51F1}.Release|Any CPU.Build.0 = Release|Any CPU
	EndGlobalSection
	GlobalSection(SolutionProperties) = preSolution
		HideSolutionNode = FALSE
	EndGlobalSection
	GlobalSection(ExtensibilityGlobals) = postSolution
		SolutionGuid = {1781B449-8006-4448-978C-6314F71506E9}
	EndGlobalSection
EndGlobal
